{
    "name": "node-red-contrib-ngrok",
    "version": "3.0.0",
    "lockfileVersion": 2,
    "requires": true,
    "packages": {
        "": {
            "name": "node-red-contrib-ngrok",
            "version": "3.0.0",
            "license": "MIT",
            "dependencies": {
                "@ngrok/ngrok": "0.9.1"
            },
            "engines": {
                "node": ">=16.0.0"
            }
        },
        "node_modules/@ngrok/ngrok": {
            "version": "0.9.1",
            "resolved": "https://registry.npmjs.org/@ngrok/ngrok/-/ngrok-0.9.1.tgz",
            "integrity": "sha512-G9C+ih9aiaQ2MGia2TEpxObQiJAyZXETD9FgwDqUuAk6Hq0Unby7XogdAH2H6hWkTBCkEYdTtA6397Bd2Vr2dQ==",
            "engines": {
                "node": ">= 10"
            },
            "optionalDependencies": {
                "@ngrok/ngrok-android-arm-eabi": "0.9.1",
                "@ngrok/ngrok-android-arm64": "0.9.1",
                "@ngrok/ngrok-darwin-arm64": "0.9.1",
                "@ngrok/ngrok-darwin-universal": "0.9.1",
                "@ngrok/ngrok-darwin-x64": "0.9.1",
                "@ngrok/ngrok-freebsd-x64": "0.9.1",
                "@ngrok/ngrok-linux-arm-gnueabihf": "0.9.1",
                "@ngrok/ngrok-linux-arm64-gnu": "0.9.1",
                "@ngrok/ngrok-linux-arm64-musl": "0.9.1",
                "@ngrok/ngrok-linux-x64-gnu": "0.9.1",
                "@ngrok/ngrok-linux-x64-musl": "0.9.1",
                "@ngrok/ngrok-win32-ia32-msvc": "0.9.1",
                "@ngrok/ngrok-win32-x64-msvc": "0.9.1"
            }
        },
        "node_modules/@ngrok/ngrok-linux-x64-gnu": {
            "version": "0.9.1",
            "resolved": "https://registry.npmjs.org/@ngrok/ngrok-linux-x64-gnu/-/ngrok-linux-x64-gnu-0.9.1.tgz",
            "integrity": "sha512-Hh0KBIuFtNaaeZj3px1UlkXwqZpiCsvcyu7wQ4U1rKJTRw79Qh7Ulm78uJ0a3mmG7J0yokUnCkPGsrpLcj7fbQ==",
            "cpu": [
                "x64"
            ],
            "optional": true,
            "os": [
                "linux"
            ],
            "engines": {
                "node": ">= 10"
            }
        },
        "node_modules/@ngrok/ngrok-linux-x64-musl": {
            "version": "0.9.1",
            "resolved": "https://registry.npmjs.org/@ngrok/ngrok-linux-x64-musl/-/ngrok-linux-x64-musl-0.9.1.tgz",
            "integrity": "sha512-OBitwuCkedTyr92VF0T/hTYQ0Y+HDEUVrDWTVxkdaSbp5mTNscUVelrUYkVDYdFiHg+PXyF4qHJq+IlrqShoiQ==",
            "cpu": [
                "x64"
            ],
            "optional": true,
            "os": [
                "linux"
            ],
            "engines": {
                "node": ">= 10"
            }
        }
    },
    "dependencies": {
        "@ngrok/ngrok": {
            "version": "0.9.1",
            "resolved": "https://registry.npmjs.org/@ngrok/ngrok/-/ngrok-0.9.1.tgz",
            "integrity": "sha512-G9C+ih9aiaQ2MGia2TEpxObQiJAyZXETD9FgwDqUuAk6Hq0Unby7XogdAH2H6hWkTBCkEYdTtA6397Bd2Vr2dQ==",
            "requires": {
                "@ngrok/ngrok-android-arm-eabi": "0.9.1",
                "@ngrok/ngrok-android-arm64": "0.9.1",
                "@ngrok/ngrok-darwin-arm64": "0.9.1",
                "@ngrok/ngrok-darwin-universal": "0.9.1",
                "@ngrok/ngrok-darwin-x64": "0.9.1",
                "@ngrok/ngrok-freebsd-x64": "0.9.1",
                "@ngrok/ngrok-linux-arm-gnueabihf": "0.9.1",
                "@ngrok/ngrok-linux-arm64-gnu": "0.9.1",
                "@ngrok/ngrok-linux-arm64-musl": "0.9.1",
                "@ngrok/ngrok-linux-x64-gnu": "0.9.1",
                "@ngrok/ngrok-linux-x64-musl": "0.9.1",
                "@ngrok/ngrok-win32-ia32-msvc": "0.9.1",
                "@ngrok/ngrok-win32-x64-msvc": "0.9.1"
            }
        },
        "@ngrok/ngrok-linux-x64-gnu": {
            "version": "0.9.1",
            "resolved": "https://registry.npmjs.org/@ngrok/ngrok-linux-x64-gnu/-/ngrok-linux-x64-gnu-0.9.1.tgz",
            "integrity": "sha512-Hh0KBIuFtNaaeZj3px1UlkXwqZpiCsvcyu7wQ4U1rKJTRw79Qh7Ulm78uJ0a3mmG7J0yokUnCkPGsrpLcj7fbQ==",
            "optional": true
        },
        "@ngrok/ngrok-linux-x64-musl": {
            "version": "0.9.1",
            "resolved": "https://registry.npmjs.org/@ngrok/ngrok-linux-x64-musl/-/ngrok-linux-x64-musl-0.9.1.tgz",
            "integrity": "sha512-OBitwuCkedTyr92VF0T/hTYQ0Y+HDEUVrDWTVxkdaSbp5mTNscUVelrUYkVDYdFiHg+PXyF4qHJq+IlrqShoiQ==",
            "optional": true
        }
    }
}
