{
    "name": "node-red-contrib-ngrok",
    "version": "3.0.0",
    "lockfileVersion": 2,
    "requires": true,
    "packages": {
        "": {
            "name": "node-red-contrib-ngrok",
            "version": "3.0.0",
            "license": "MIT",
            "dependencies": {
                "@ngrok/ngrok": "1.0.0"
            },
            "engines": {
                "node": ">=16.0.0"
            }
        },
        "node_modules/@ngrok/ngrok": {
            "version": "1.0.0",
            "resolved": "https://registry.npmjs.org/@ngrok/ngrok/-/ngrok-1.0.0.tgz",
            "integrity": "sha512-a0z6Z6+qMizSqOTTmK+d9at2gvfYqs1PptXXxc3Ls39qlW0QlDy5mARarIJw80YFye5touGCE753ql3fhMsAfA==",
            "engines": {
                "node": ">= 10"
            },
            "optionalDependencies": {
                "@ngrok/ngrok-android-arm-eabi": "1.0.0",
                "@ngrok/ngrok-android-arm64": "1.0.0",
                "@ngrok/ngrok-darwin-arm64": "1.0.0",
                "@ngrok/ngrok-darwin-universal": "1.0.0",
                "@ngrok/ngrok-darwin-x64": "1.0.0",
                "@ngrok/ngrok-freebsd-x64": "1.0.0",
                "@ngrok/ngrok-linux-arm-gnueabihf": "1.0.0",
                "@ngrok/ngrok-linux-arm64-gnu": "1.0.0",
                "@ngrok/ngrok-linux-arm64-musl": "1.0.0",
                "@ngrok/ngrok-linux-x64-gnu": "1.0.0",
                "@ngrok/ngrok-linux-x64-musl": "1.0.0",
                "@ngrok/ngrok-win32-ia32-msvc": "1.0.0",
                "@ngrok/ngrok-win32-x64-msvc": "1.0.0"
            }
        },
        "node_modules/@ngrok/ngrok-android-arm-eabi": {
            "version": "1.0.0",
            "resolved": "https://registry.npmjs.org/@ngrok/ngrok-android-arm-eabi/-/ngrok-android-arm-eabi-1.0.0.tgz",
            "integrity": "sha512-qxWwKGE4Dw6ZNgA2rq1TiAd3bYvKUXQpqziO/FvrFe8brcsVORh+YQpUvj12xeOr2k0xzd99FJ/aTt4uxk3qQQ==",
            "cpu": [
                "arm"
            ],
            "optional": true,
            "os": [
                "android"
            ],
            "engines": {
                "node": ">= 10"
            }
        },
        "node_modules/@ngrok/ngrok-android-arm64": {
            "version": "1.0.0",
            "resolved": "https://registry.npmjs.org/@ngrok/ngrok-android-arm64/-/ngrok-android-arm64-1.0.0.tgz",
            "integrity": "sha512-iXTPuS3lcgumoDRSbAl1pS3ym4Q5Ke8DoJ/hdzduty7E7hr081uituNod6jjlTZnwJbxNpzzGwyiWlUul51wlA==",
            "cpu": [
                "arm64"
            ],
            "optional": true,
            "os": [
                "android"
            ],
            "engines": {
                "node": ">= 10"
            }
        },
        "node_modules/@ngrok/ngrok-darwin-arm64": {
            "version": "1.0.0",
            "resolved": "https://registry.npmjs.org/@ngrok/ngrok-darwin-arm64/-/ngrok-darwin-arm64-1.0.0.tgz",
            "integrity": "sha512-e7wa2Vg/AYIFW2fitZxVKtjZ1FNTGDHgsrMx6nezh7lQncwgvgxYC1kThV98qcU4LbmHRP9QafzCyax+tLw3tQ==",
            "cpu": [
                "arm64"
            ],
            "optional": true,
            "os": [
                "darwin"
            ],
            "engines": {
                "node": ">= 10"
            }
        },
        "node_modules/@ngrok/ngrok-darwin-universal": {
            "version": "1.0.0",
            "resolved": "https://registry.npmjs.org/@ngrok/ngrok-darwin-universal/-/ngrok-darwin-universal-1.0.0.tgz",
            "integrity": "sha512-euYODSUN/gRzsOyQaCv882OP/jZGBXkEtjpcycHSYk9bAG6qSWKvieAIne/j+ffsk+7+Fj2trDUn1ry2CKd0vA==",
            "optional": true,
            "os": [
                "darwin"
            ],
            "engines": {
                "node": ">= 10"
            }
        },
        "node_modules/@ngrok/ngrok-darwin-x64": {
            "version": "1.0.0",
            "resolved": "https://registry.npmjs.org/@ngrok/ngrok-darwin-x64/-/ngrok-darwin-x64-1.0.0.tgz",
            "integrity": "sha512-IJJgr955Vo1tLGMWHL7Qk2b62aDEItWRJ//36mUDTB6lbaeVxvdjt/j06ZmE5EXnxTPSqO2lKK8zC3RpKFu3oA==",
            "cpu": [
                "x64"
            ],
            "optional": true,
            "os": [
                "darwin"
            ],
            "engines": {
                "node": ">= 10"
            }
        },
        "node_modules/@ngrok/ngrok-freebsd-x64": {
            "version": "1.0.0",
            "resolved": "https://registry.npmjs.org/@ngrok/ngrok-freebsd-x64/-/ngrok-freebsd-x64-1.0.0.tgz",
            "integrity": "sha512-7TEhmraQP59/XN8yN3ZvrdggbM8yQCIwwqVyGyL9jGT3K7HPi+ZVVv4n9zGcjYvWmRSWYVOo09kM999dku4aTw==",
            "cpu": [
                "x64"
            ],
            "optional": true,
            "os": [
                "freebsd"
            ],
            "engines": {
                "node": ">= 10"
            }
        },
        "node_modules/@ngrok/ngrok-linux-arm-gnueabihf": {
            "version": "1.0.0",
            "resolved": "https://registry.npmjs.org/@ngrok/ngrok-linux-arm-gnueabihf/-/ngrok-linux-arm-gnueabihf-1.0.0.tgz",
            "integrity": "sha512-sXyLDs0aLB718wDoJKeFYgsTh6ujxSKBoO9MW8HYwuihbHW6vcDxWtLNGNA7DjGU1CrRIpUw+cgtUr+kttUntA==",
            "cpu": [
                "arm"
            ],
            "optional": true,
            "os": [
                "linux"
            ],
            "engines": {
                "node": ">= 10"
            }
        },
        "node_modules/@ngrok/ngrok-linux-arm64-gnu": {
            "version": "1.0.0",
            "resolved": "https://registry.npmjs.org/@ngrok/ngrok-linux-arm64-gnu/-/ngrok-linux-arm64-gnu-1.0.0.tgz",
            "integrity": "sha512-GHvAfoz3AeoUulAIcdQVwcOILcIUKsurVJsbnCxzcVWpnNiv0p2QEuhPFQOl2zATpy7moUCNYnSiSsCgcsonLQ==",
            "cpu": [
                "arm64"
            ],
            "optional": true,
            "os": [
                "linux"
            ],
            "engines": {
                "node": ">= 10"
            }
        },
        "node_modules/@ngrok/ngrok-linux-arm64-musl": {
            "version": "1.0.0",
            "resolved": "https://registry.npmjs.org/@ngrok/ngrok-linux-arm64-musl/-/ngrok-linux-arm64-musl-1.0.0.tgz",
            "integrity": "sha512-Ade8paflAc6gl9oOGgBA2GZ+a7qLzKrzeRDC78ruMQpCmG3WXsWSGKPksnEM1gRylqLVtK2rG4Zr2iXrGetCaQ==",
            "cpu": [
                "arm64"
            ],
            "optional": true,
            "os": [
                "linux"
            ],
            "engines": {
                "node": ">= 10"
            }
        },
        "node_modules/@ngrok/ngrok-linux-x64-gnu": {
            "version": "1.0.0",
            "resolved": "https://registry.npmjs.org/@ngrok/ngrok-linux-x64-gnu/-/ngrok-linux-x64-gnu-1.0.0.tgz",
            "integrity": "sha512-uqQ9s1S6unkWcfbZmR9mXlRY4pMNZldPb2pZgJJHx5s7SmS0O4KVq9l7U3RSuzCMrU/FYoflhCA/wxFt+bBZTA==",
            "cpu": [
                "x64"
            ],
            "optional": true,
            "os": [
                "linux"
            ],
            "engines": {
                "node": ">= 10"
            }
        },
        "node_modules/@ngrok/ngrok-linux-x64-musl": {
            "version": "1.0.0",
            "resolved": "https://registry.npmjs.org/@ngrok/ngrok-linux-x64-musl/-/ngrok-linux-x64-musl-1.0.0.tgz",
            "integrity": "sha512-KwGVV5yvquGWZN3aETqBBLgg5THMokGMTEVWBYG+5kDea99G8nTKtojM7DJ6QZeMo/PFfxhVQ/R0h8buKFT7/w==",
            "cpu": [
                "x64"
            ],
            "optional": true,
            "os": [
                "linux"
            ],
            "engines": {
                "node": ">= 10"
            }
        },
        "node_modules/@ngrok/ngrok-win32-ia32-msvc": {
            "version": "1.0.0",
            "resolved": "https://registry.npmjs.org/@ngrok/ngrok-win32-ia32-msvc/-/ngrok-win32-ia32-msvc-1.0.0.tgz",
            "integrity": "sha512-++dBcK/yw4ZwPZ7GqHvGHxx+CHE1FXexQjoiR7JAoXotV9Z7VzE27CSDsE3auomcbhHiOmKYRa42yZekkuXxbw==",
            "cpu": [
                "ia32"
            ],
            "optional": true,
            "os": [
                "win32"
            ],
            "engines": {
                "node": ">= 10"
            }
        },
        "node_modules/@ngrok/ngrok-win32-x64-msvc": {
            "version": "1.0.0",
            "resolved": "https://registry.npmjs.org/@ngrok/ngrok-win32-x64-msvc/-/ngrok-win32-x64-msvc-1.0.0.tgz",
            "integrity": "sha512-XqLTdLw8QbnrtXRYw8TtilqvZWfzK9nUQKRtEgYnBJa581t5zgH7gtuJcySWywaDS6Q0Q874uinBSy4TvjzQmg==",
            "cpu": [
                "x64"
            ],
            "optional": true,
            "os": [
                "win32"
            ],
            "engines": {
                "node": ">= 10"
            }
        }
    },
    "dependencies": {
        "@ngrok/ngrok": {
            "version": "1.0.0",
            "resolved": "https://registry.npmjs.org/@ngrok/ngrok/-/ngrok-1.0.0.tgz",
            "integrity": "sha512-a0z6Z6+qMizSqOTTmK+d9at2gvfYqs1PptXXxc3Ls39qlW0QlDy5mARarIJw80YFye5touGCE753ql3fhMsAfA==",
            "requires": {
                "@ngrok/ngrok-android-arm-eabi": "1.0.0",
                "@ngrok/ngrok-android-arm64": "1.0.0",
                "@ngrok/ngrok-darwin-arm64": "1.0.0",
                "@ngrok/ngrok-darwin-universal": "1.0.0",
                "@ngrok/ngrok-darwin-x64": "1.0.0",
                "@ngrok/ngrok-freebsd-x64": "1.0.0",
                "@ngrok/ngrok-linux-arm-gnueabihf": "1.0.0",
                "@ngrok/ngrok-linux-arm64-gnu": "1.0.0",
                "@ngrok/ngrok-linux-arm64-musl": "1.0.0",
                "@ngrok/ngrok-linux-x64-gnu": "1.0.0",
                "@ngrok/ngrok-linux-x64-musl": "1.0.0",
                "@ngrok/ngrok-win32-ia32-msvc": "1.0.0",
                "@ngrok/ngrok-win32-x64-msvc": "1.0.0"
            }
        },
        "@ngrok/ngrok-android-arm-eabi": {
            "version": "1.0.0",
            "resolved": "https://registry.npmjs.org/@ngrok/ngrok-android-arm-eabi/-/ngrok-android-arm-eabi-1.0.0.tgz",
            "integrity": "sha512-qxWwKGE4Dw6ZNgA2rq1TiAd3bYvKUXQpqziO/FvrFe8brcsVORh+YQpUvj12xeOr2k0xzd99FJ/aTt4uxk3qQQ==",
            "optional": true
        },
        "@ngrok/ngrok-android-arm64": {
            "version": "1.0.0",
            "resolved": "https://registry.npmjs.org/@ngrok/ngrok-android-arm64/-/ngrok-android-arm64-1.0.0.tgz",
            "integrity": "sha512-iXTPuS3lcgumoDRSbAl1pS3ym4Q5Ke8DoJ/hdzduty7E7hr081uituNod6jjlTZnwJbxNpzzGwyiWlUul51wlA==",
            "optional": true
        },
        "@ngrok/ngrok-darwin-arm64": {
            "version": "1.0.0",
            "resolved": "https://registry.npmjs.org/@ngrok/ngrok-darwin-arm64/-/ngrok-darwin-arm64-1.0.0.tgz",
            "integrity": "sha512-e7wa2Vg/AYIFW2fitZxVKtjZ1FNTGDHgsrMx6nezh7lQncwgvgxYC1kThV98qcU4LbmHRP9QafzCyax+tLw3tQ==",
            "optional": true
        },
        "@ngrok/ngrok-darwin-universal": {
            "version": "1.0.0",
            "resolved": "https://registry.npmjs.org/@ngrok/ngrok-darwin-universal/-/ngrok-darwin-universal-1.0.0.tgz",
            "integrity": "sha512-euYODSUN/gRzsOyQaCv882OP/jZGBXkEtjpcycHSYk9bAG6qSWKvieAIne/j+ffsk+7+Fj2trDUn1ry2CKd0vA==",
            "optional": true
        },
        "@ngrok/ngrok-darwin-x64": {
            "version": "1.0.0",
            "resolved": "https://registry.npmjs.org/@ngrok/ngrok-darwin-x64/-/ngrok-darwin-x64-1.0.0.tgz",
            "integrity": "sha512-IJJgr955Vo1tLGMWHL7Qk2b62aDEItWRJ//36mUDTB6lbaeVxvdjt/j06ZmE5EXnxTPSqO2lKK8zC3RpKFu3oA==",
            "optional": true
        },
        "@ngrok/ngrok-freebsd-x64": {
            "version": "1.0.0",
            "resolved": "https://registry.npmjs.org/@ngrok/ngrok-freebsd-x64/-/ngrok-freebsd-x64-1.0.0.tgz",
            "integrity": "sha512-7TEhmraQP59/XN8yN3ZvrdggbM8yQCIwwqVyGyL9jGT3K7HPi+ZVVv4n9zGcjYvWmRSWYVOo09kM999dku4aTw==",
            "optional": true
        },
        "@ngrok/ngrok-linux-arm-gnueabihf": {
            "version": "1.0.0",
            "resolved": "https://registry.npmjs.org/@ngrok/ngrok-linux-arm-gnueabihf/-/ngrok-linux-arm-gnueabihf-1.0.0.tgz",
            "integrity": "sha512-sXyLDs0aLB718wDoJKeFYgsTh6ujxSKBoO9MW8HYwuihbHW6vcDxWtLNGNA7DjGU1CrRIpUw+cgtUr+kttUntA==",
            "optional": true
        },
        "@ngrok/ngrok-linux-arm64-gnu": {
            "version": "1.0.0",
            "resolved": "https://registry.npmjs.org/@ngrok/ngrok-linux-arm64-gnu/-/ngrok-linux-arm64-gnu-1.0.0.tgz",
            "integrity": "sha512-GHvAfoz3AeoUulAIcdQVwcOILcIUKsurVJsbnCxzcVWpnNiv0p2QEuhPFQOl2zATpy7moUCNYnSiSsCgcsonLQ==",
            "optional": true
        },
        "@ngrok/ngrok-linux-arm64-musl": {
            "version": "1.0.0",
            "resolved": "https://registry.npmjs.org/@ngrok/ngrok-linux-arm64-musl/-/ngrok-linux-arm64-musl-1.0.0.tgz",
            "integrity": "sha512-Ade8paflAc6gl9oOGgBA2GZ+a7qLzKrzeRDC78ruMQpCmG3WXsWSGKPksnEM1gRylqLVtK2rG4Zr2iXrGetCaQ==",
            "optional": true
        },
        "@ngrok/ngrok-linux-x64-gnu": {
            "version": "1.0.0",
            "resolved": "https://registry.npmjs.org/@ngrok/ngrok-linux-x64-gnu/-/ngrok-linux-x64-gnu-1.0.0.tgz",
            "integrity": "sha512-uqQ9s1S6unkWcfbZmR9mXlRY4pMNZldPb2pZgJJHx5s7SmS0O4KVq9l7U3RSuzCMrU/FYoflhCA/wxFt+bBZTA==",
            "optional": true
        },
        "@ngrok/ngrok-linux-x64-musl": {
            "version": "1.0.0",
            "resolved": "https://registry.npmjs.org/@ngrok/ngrok-linux-x64-musl/-/ngrok-linux-x64-musl-1.0.0.tgz",
            "integrity": "sha512-KwGVV5yvquGWZN3aETqBBLgg5THMokGMTEVWBYG+5kDea99G8nTKtojM7DJ6QZeMo/PFfxhVQ/R0h8buKFT7/w==",
            "optional": true
        },
        "@ngrok/ngrok-win32-ia32-msvc": {
            "version": "1.0.0",
            "resolved": "https://registry.npmjs.org/@ngrok/ngrok-win32-ia32-msvc/-/ngrok-win32-ia32-msvc-1.0.0.tgz",
            "integrity": "sha512-++dBcK/yw4ZwPZ7GqHvGHxx+CHE1FXexQjoiR7JAoXotV9Z7VzE27CSDsE3auomcbhHiOmKYRa42yZekkuXxbw==",
            "optional": true
        },
        "@ngrok/ngrok-win32-x64-msvc": {
            "version": "1.0.0",
            "resolved": "https://registry.npmjs.org/@ngrok/ngrok-win32-x64-msvc/-/ngrok-win32-x64-msvc-1.0.0.tgz",
            "integrity": "sha512-XqLTdLw8QbnrtXRYw8TtilqvZWfzK9nUQKRtEgYnBJa581t5zgH7gtuJcySWywaDS6Q0Q874uinBSy4TvjzQmg==",
            "optional": true
        }
    }
}
